
Microsoft Visual Studio Solution File, Format Version 12.00
# Visual Studio Version 17
VisualStudioVersion = 17.14.36414.22 d17.14
MinimumVisualStudioVersion = 10.0.40219.1
Project("{FAE04EC0-301F-11D3-BF4B-00C04F79EFBC}") = "ElevatedTutors", "ElevatedTutors\ElevatedTutors.csproj", "{1883A513-DEC2-4636-8414-1BCE473D04CD}"
EndProject
Global
	GlobalSection(SolutionConfigurationPlatforms) = preSolution
		Debug|Any CPU = Debug|Any CPU
		Release|Any CPU = Release|Any CPU
	EndGlobalSection
	GlobalSection(ProjectConfigurationPlatforms) = postSolution
		{1883A513-DEC2-4636-8414-1BCE473D04CD}.Debug|Any CPU.ActiveCfg = Debug|Any CPU
		{1883A513-DEC2-4636-8414-1BCE473D04CD}.Debug|Any CPU.Build.0 = Debug|Any CPU
		{1883A513-DEC2-4636-8414-1BCE473D04CD}.Release|Any CPU.ActiveCfg = Release|Any CPU
		{1883A513-DEC2-4636-8414-1BCE473D04CD}.Release|Any CPU.Build.0 = Release|Any CPU
	EndGlobalSection
	GlobalSection(SolutionProperties) = preSolution
		HideSolutionNode = FALSE
	EndGlobalSection
	GlobalSection(ExtensibilityGlobals) = postSolution
		SolutionGuid = {2B5BFCE0-1146-432A-A9CF-7436B7B84794}
	EndGlobalSection
EndGlobal
